
Microsoft Visual Studio Solution File, Format Version 12.00
# Visual Studio Version 17
VisualStudioVersion = 17.6.33829.357
MinimumVisualStudioVersion = 10.0.40219.1
Project("{FAE04EC0-301F-11D3-BF4B-00C04F79EFBC}") = "PersonDataManagement", "PersonDataManagement.csproj", "{E524AB8B-34AD-48C9-B15B-3689165A07D5}"
EndProject
Global
	GlobalSection(SolutionConfigurationPlatforms) = preSolution
		Debug|Any CPU = Debug|Any CPU
		Release|Any CPU = Release|Any CPU
	EndGlobalSection
	GlobalSection(ProjectConfigurationPlatforms) = postSolution
		{E524AB8B-34AD-48C9-B15B-3689165A07D5}.Debug|Any CPU.ActiveCfg = Debug|Any CPU
		{E524AB8B-34AD-48C9-B15B-3689165A07D5}.Debug|Any CPU.Build.0 = Debug|Any CPU
		{E524AB8B-34AD-48C9-B15B-3689165A07D5}.Release|Any CPU.ActiveCfg = Release|Any CPU
		{E524AB8B-34AD-48C9-B15B-3689165A07D5}.Release|Any CPU.Build.0 = Release|Any CPU
	EndGlobalSection
	GlobalSection(SolutionProperties) = preSolution
		HideSolutionNode = FALSE
	EndGlobalSection
	GlobalSection(ExtensibilityGlobals) = postSolution
		SolutionGuid = {C3E55FBD-371F-4181-B0CF-871584BC5240}
	EndGlobalSection
EndGlobal
